// !$*UTF8*$!
{
	archiveVersion = 1;
	classes = {
	};
	objectVersion = 50;
	objects = {

/* Begin PBXBuildFile section */
		CD35F17E22B2A189005B6D95 /* DragonsListServiceTests.swift in Sources */ = {isa = PBXBuildFile; fileRef = CD35F17D22B2A189005B6D95 /* DragonsListServiceTests.swift */; };
		CD35F18122B2A247005B6D95 /* SuccessDragonsList.json in Resources */ = {isa = PBXBuildFile; fileRef = CD35F18022B2A247005B6D95 /* SuccessDragonsList.json */; };
		CD35F18322B2A354005B6D95 /* ErrorDragonsList.json in Resources */ = {isa = PBXBuildFile; fileRef = CD35F18222B2A354005B6D95 /* ErrorDragonsList.json */; };
		CD35F18822B2C792005B6D95 /* DragonsList.json in Resources */ = {isa = PBXBuildFile; fileRef = CD35F18722B2C792005B6D95 /* DragonsList.json */; };
		CD35F18C22B2C88A005B6D95 /* XCTestCase.swift in Sources */ = {isa = PBXBuildFile; fileRef = CD35F18B22B2C88A005B6D95 /* XCTestCase.swift */; };
		CD35F18E22B2DED8005B6D95 /* NetworkManagerTests.swift in Sources */ = {isa = PBXBuildFile; fileRef = CD35F18D22B2DED8005B6D95 /* NetworkManagerTests.swift */; };
		CD35F19622B3357D005B6D95 /* DragonsListViewController.swift in Sources */ = {isa = PBXBuildFile; fileRef = CD35F19322B3357D005B6D95 /* DragonsListViewController.swift */; };
		CD35F19722B3357D005B6D95 /* DragonsListView.swift in Sources */ = {isa = PBXBuildFile; fileRef = CD35F19422B3357D005B6D95 /* DragonsListView.swift */; };
		CD35F19822B3357D005B6D95 /* DragonsListViewModel.swift in Sources */ = {isa = PBXBuildFile; fileRef = CD35F19522B3357D005B6D95 /* DragonsListViewModel.swift */; };
		CD35F19B22B3364C005B6D95 /* Dynamic.swift in Sources */ = {isa = PBXBuildFile; fileRef = CD35F19A22B3364C005B6D95 /* Dynamic.swift */; };
		CD35F19D22B336CA005B6D95 /* BaseView.swift in Sources */ = {isa = PBXBuildFile; fileRef = CD35F19C22B336CA005B6D95 /* BaseView.swift */; };
		CD35F1A622B343DE005B6D95 /* DragonsListTableViewCell.swift in Sources */ = {isa = PBXBuildFile; fileRef = CD35F1A522B343DE005B6D95 /* DragonsListTableViewCell.swift */; };
		CD35F1A922B349BB005B6D95 /* SnapKit.framework in Frameworks */ = {isa = PBXBuildFile; fileRef = CD35F1A822B349BB005B6D95 /* SnapKit.framework */; };
		CD35F1AC22B34B80005B6D95 /* DragonsListCellViewModelViewModel.swift in Sources */ = {isa = PBXBuildFile; fileRef = CD35F1AB22B34B80005B6D95 /* DragonsListCellViewModelViewModel.swift */; };
		CD3C83BF22B1410E0041900B /* CoordinatorTests.swift in Sources */ = {isa = PBXBuildFile; fileRef = CD3C83BE22B1410E0041900B /* CoordinatorTests.swift */; };
		CD3C83F122B17ABE0041900B /* Dragon.swift in Sources */ = {isa = PBXBuildFile; fileRef = CD3C83F022B17ABE0041900B /* Dragon.swift */; };
		CD3C840522B183DA0041900B /* NetworkManager.swift in Sources */ = {isa = PBXBuildFile; fileRef = CD3C83FA22B183DA0041900B /* NetworkManager.swift */; };
		CD3C840622B183DA0041900B /* ParameterEncoding.swift in Sources */ = {isa = PBXBuildFile; fileRef = CD3C83FB22B183DA0041900B /* ParameterEncoding.swift */; };
		CD3C840722B183DA0041900B /* HTTPMethod.swift in Sources */ = {isa = PBXBuildFile; fileRef = CD3C83FC22B183DA0041900B /* HTTPMethod.swift */; };
		CD3C840822B183DA0041900B /* EndPointType.swift in Sources */ = {isa = PBXBuildFile; fileRef = CD3C83FD22B183DA0041900B /* EndPointType.swift */; };
		CD3C840922B183DA0041900B /* DragonEndPoint.swift in Sources */ = {isa = PBXBuildFile; fileRef = CD3C83FF22B183DA0041900B /* DragonEndPoint.swift */; };
		CD3C840A22B183DA0041900B /* Environment.swift in Sources */ = {isa = PBXBuildFile; fileRef = CD3C840122B183DA0041900B /* Environment.swift */; };
		CD3C840B22B183DA0041900B /* Environment.plist in Resources */ = {isa = PBXBuildFile; fileRef = CD3C840222B183DA0041900B /* Environment.plist */; };
		CD3C840C22B183DA0041900B /* DragonsListService.swift in Sources */ = {isa = PBXBuildFile; fileRef = CD3C840422B183DA0041900B /* DragonsListService.swift */; };
		CD522C4C22B5865800F0D284 /* Dragon.json in Resources */ = {isa = PBXBuildFile; fileRef = CD522C4B22B5865800F0D284 /* Dragon.json */; };
		CD522C5122B587B200F0D284 /* IncompleteDragon.json in Resources */ = {isa = PBXBuildFile; fileRef = CD522C5022B587B200F0D284 /* IncompleteDragon.json */; };
		CD522C5522B58FFD00F0D284 /* DragonDetailsViewController.swift in Sources */ = {isa = PBXBuildFile; fileRef = CD522C5222B58FFD00F0D284 /* DragonDetailsViewController.swift */; };
		CD522C5622B58FFD00F0D284 /* DragonDetailsView.swift in Sources */ = {isa = PBXBuildFile; fileRef = CD522C5322B58FFD00F0D284 /* DragonDetailsView.swift */; };
		CD522C5722B58FFD00F0D284 /* DragonDetailsViewModel.swift in Sources */ = {isa = PBXBuildFile; fileRef = CD522C5422B58FFD00F0D284 /* DragonDetailsViewModel.swift */; };
		CD522C5922B5972900F0D284 /* Kingfisher.framework in Frameworks */ = {isa = PBXBuildFile; fileRef = CD522C5822B5972900F0D284 /* Kingfisher.framework */; };
		CD522C5E22B5AC8C00F0D284 /* UILabel.swift in Sources */ = {isa = PBXBuildFile; fileRef = CD522C5D22B5AC8C00F0D284 /* UILabel.swift */; };
		CD522C6422B5E59100F0D284 /* DragonModelTests.swift in Sources */ = {isa = PBXBuildFile; fileRef = CD522C6322B5E59100F0D284 /* DragonModelTests.swift */; };
		CD522C6722B5E5C400F0D284 /* DragonDetailsViewModelTests.swift in Sources */ = {isa = PBXBuildFile; fileRef = CD522C6622B5E5C400F0D284 /* DragonDetailsViewModelTests.swift */; };
		CD522C6922B5EB4E00F0D284 /* DragonDetailsViewControllerTests.swift in Sources */ = {isa = PBXBuildFile; fileRef = CD522C6822B5EB4E00F0D284 /* DragonDetailsViewControllerTests.swift */; };
		CD783F0E22B081F700F15F5D /* AppDelegate.swift in Sources */ = {isa = PBXBuildFile; fileRef = CD783F0D22B081F700F15F5D /* AppDelegate.swift */; };
		CD783F1522B081F800F15F5D /* Assets.xcassets in Resources */ = {isa = PBXBuildFile; fileRef = CD783F1422B081F800F15F5D /* Assets.xcassets */; };
		CD783F1822B081F800F15F5D /* LaunchScreen.storyboard in Resources */ = {isa = PBXBuildFile; fileRef = CD783F1622B081F800F15F5D /* LaunchScreen.storyboard */; };
		CDC5CC6D22B0B16F00DEE1FD /* Coordinator.swift in Sources */ = {isa = PBXBuildFile; fileRef = CDC5CC6C22B0B16F00DEE1FD /* Coordinator.swift */; };
		CDC5CC6F22B0B21800DEE1FD /* AppCoordinator.swift in Sources */ = {isa = PBXBuildFile; fileRef = CDC5CC6E22B0B21800DEE1FD /* AppCoordinator.swift */; };
		CDC5CC7422B0B5CD00DEE1FD /* DragonsListCoordinator.swift in Sources */ = {isa = PBXBuildFile; fileRef = CDC5CC7322B0B5CD00DEE1FD /* DragonsListCoordinator.swift */; };
		CDE9784A22B3D64200930C43 /* DragonsListViewModelTests.swift in Sources */ = {isa = PBXBuildFile; fileRef = CDE9784922B3D64200930C43 /* DragonsListViewModelTests.swift */; };
		CDE9784C22B3E8F000930C43 /* NetworkResponse.swift in Sources */ = {isa = PBXBuildFile; fileRef = CDE9784B22B3E8F000930C43 /* NetworkResponse.swift */; };
		CDE9785022B3ECD000930C43 /* DragonsListViewControllerTests.swift in Sources */ = {isa = PBXBuildFile; fileRef = CDE9784F22B3ECD000930C43 /* DragonsListViewControllerTests.swift */; };
		CDE9785322B3F77A00930C43 /* UIViewController.swift in Sources */ = {isa = PBXBuildFile; fileRef = CDE9785222B3F77A00930C43 /* UIViewController.swift */; };
		CDE9785522B4202400930C43 /* Localizable.strings in Resources */ = {isa = PBXBuildFile; fileRef = CDE9785422B4202400930C43 /* Localizable.strings */; };
		CDE9785822B4215F00930C43 /* String.swift in Sources */ = {isa = PBXBuildFile; fileRef = CDE9785722B4215F00930C43 /* String.swift */; };
/* End PBXBuildFile section */

/* Begin PBXContainerItemProxy section */
		CD783F1F22B081F800F15F5D /* PBXContainerItemProxy */ = {
			isa = PBXContainerItemProxy;
			containerPortal = CD783F0222B081F600F15F5D /* Project object */;
			proxyType = 1;
			remoteGlobalIDString = CD783F0922B081F700F15F5D;
			remoteInfo = DragonsApp;
		};
/* End PBXContainerItemProxy section */

/* Begin PBXFileReference section */
		CD35F17D22B2A189005B6D95 /* DragonsListServiceTests.swift */ = {isa = PBXFileReference; lastKnownFileType = sourcecode.swift; path = DragonsListServiceTests.swift; sourceTree = "<group>"; };
		CD35F18022B2A247005B6D95 /* SuccessDragonsList.json */ = {isa = PBXFileReference; lastKnownFileType = text.json; path = SuccessDragonsList.json; sourceTree = "<group>"; };
		CD35F18222B2A354005B6D95 /* ErrorDragonsList.json */ = {isa = PBXFileReference; lastKnownFileType = text.json; path = ErrorDragonsList.json; sourceTree = "<group>"; };
		CD35F18722B2C792005B6D95 /* DragonsList.json */ = {isa = PBXFileReference; lastKnownFileType = text.json; path = DragonsList.json; sourceTree = "<group>"; };
		CD35F18B22B2C88A005B6D95 /* XCTestCase.swift */ = {isa = PBXFileReference; lastKnownFileType = sourcecode.swift; path = XCTestCase.swift; sourceTree = "<group>"; };
		CD35F18D22B2DED8005B6D95 /* NetworkManagerTests.swift */ = {isa = PBXFileReference; lastKnownFileType = sourcecode.swift; path = NetworkManagerTests.swift; sourceTree = "<group>"; };
		CD35F19322B3357D005B6D95 /* DragonsListViewController.swift */ = {isa = PBXFileReference; lastKnownFileType = sourcecode.swift; path = DragonsListViewController.swift; sourceTree = "<group>"; };
		CD35F19422B3357D005B6D95 /* DragonsListView.swift */ = {isa = PBXFileReference; lastKnownFileType = sourcecode.swift; path = DragonsListView.swift; sourceTree = "<group>"; };
		CD35F19522B3357D005B6D95 /* DragonsListViewModel.swift */ = {isa = PBXFileReference; lastKnownFileType = sourcecode.swift; path = DragonsListViewModel.swift; sourceTree = "<group>"; };
		CD35F19A22B3364C005B6D95 /* Dynamic.swift */ = {isa = PBXFileReference; lastKnownFileType = sourcecode.swift; path = Dynamic.swift; sourceTree = "<group>"; };
		CD35F19C22B336CA005B6D95 /* BaseView.swift */ = {isa = PBXFileReference; lastKnownFileType = sourcecode.swift; path = BaseView.swift; sourceTree = "<group>"; };
		CD35F1A522B343DE005B6D95 /* DragonsListTableViewCell.swift */ = {isa = PBXFileReference; lastKnownFileType = sourcecode.swift; path = DragonsListTableViewCell.swift; sourceTree = "<group>"; };
		CD35F1A822B349BB005B6D95 /* SnapKit.framework */ = {isa = PBXFileReference; lastKnownFileType = wrapper.framework; name = SnapKit.framework; path = Carthage/Build/iOS/SnapKit.framework; sourceTree = SOURCE_ROOT; };
		CD35F1AB22B34B80005B6D95 /* DragonsListCellViewModelViewModel.swift */ = {isa = PBXFileReference; lastKnownFileType = sourcecode.swift; path = DragonsListCellViewModelViewModel.swift; sourceTree = "<group>"; };
		CD3C83BE22B1410E0041900B /* CoordinatorTests.swift */ = {isa = PBXFileReference; lastKnownFileType = sourcecode.swift; path = CoordinatorTests.swift; sourceTree = "<group>"; };
		CD3C83F022B17ABE0041900B /* Dragon.swift */ = {isa = PBXFileReference; lastKnownFileType = sourcecode.swift; path = Dragon.swift; sourceTree = "<group>"; };
		CD3C83FA22B183DA0041900B /* NetworkManager.swift */ = {isa = PBXFileReference; fileEncoding = 4; lastKnownFileType = sourcecode.swift; path = NetworkManager.swift; sourceTree = "<group>"; };
		CD3C83FB22B183DA0041900B /* ParameterEncoding.swift */ = {isa = PBXFileReference; fileEncoding = 4; lastKnownFileType = sourcecode.swift; path = ParameterEncoding.swift; sourceTree = "<group>"; };
		CD3C83FC22B183DA0041900B /* HTTPMethod.swift */ = {isa = PBXFileReference; fileEncoding = 4; lastKnownFileType = sourcecode.swift; path = HTTPMethod.swift; sourceTree = "<group>"; };
		CD3C83FD22B183DA0041900B /* EndPointType.swift */ = {isa = PBXFileReference; fileEncoding = 4; lastKnownFileType = sourcecode.swift; path = EndPointType.swift; sourceTree = "<group>"; };
		CD3C83FF22B183DA0041900B /* DragonEndPoint.swift */ = {isa = PBXFileReference; fileEncoding = 4; lastKnownFileType = sourcecode.swift; path = DragonEndPoint.swift; sourceTree = "<group>"; };
		CD3C840122B183DA0041900B /* Environment.swift */ = {isa = PBXFileReference; fileEncoding = 4; lastKnownFileType = sourcecode.swift; path = Environment.swift; sourceTree = "<group>"; };
		CD3C840222B183DA0041900B /* Environment.plist */ = {isa = PBXFileReference; fileEncoding = 4; lastKnownFileType = text.plist.xml; path = Environment.plist; sourceTree = "<group>"; };
		CD3C840422B183DA0041900B /* DragonsListService.swift */ = {isa = PBXFileReference; fileEncoding = 4; lastKnownFileType = sourcecode.swift; path = DragonsListService.swift; sourceTree = "<group>"; };
		CD522C4B22B5865800F0D284 /* Dragon.json */ = {isa = PBXFileReference; lastKnownFileType = text.json; path = Dragon.json; sourceTree = "<group>"; };
		CD522C5022B587B200F0D284 /* IncompleteDragon.json */ = {isa = PBXFileReference; lastKnownFileType = text.json; path = IncompleteDragon.json; sourceTree = "<group>"; };
		CD522C5222B58FFD00F0D284 /* DragonDetailsViewController.swift */ = {isa = PBXFileReference; lastKnownFileType = sourcecode.swift; path = DragonDetailsViewController.swift; sourceTree = "<group>"; };
		CD522C5322B58FFD00F0D284 /* DragonDetailsView.swift */ = {isa = PBXFileReference; lastKnownFileType = sourcecode.swift; path = DragonDetailsView.swift; sourceTree = "<group>"; };
		CD522C5422B58FFD00F0D284 /* DragonDetailsViewModel.swift */ = {isa = PBXFileReference; lastKnownFileType = sourcecode.swift; path = DragonDetailsViewModel.swift; sourceTree = "<group>"; };
		CD522C5822B5972900F0D284 /* Kingfisher.framework */ = {isa = PBXFileReference; lastKnownFileType = wrapper.framework; name = Kingfisher.framework; path = Carthage/Build/iOS/Kingfisher.framework; sourceTree = SOURCE_ROOT; };
		CD522C5D22B5AC8C00F0D284 /* UILabel.swift */ = {isa = PBXFileReference; lastKnownFileType = sourcecode.swift; path = UILabel.swift; sourceTree = "<group>"; };
		CD522C6322B5E59100F0D284 /* DragonModelTests.swift */ = {isa = PBXFileReference; fileEncoding = 4; lastKnownFileType = sourcecode.swift; path = DragonModelTests.swift; sourceTree = "<group>"; };
		CD522C6622B5E5C400F0D284 /* DragonDetailsViewModelTests.swift */ = {isa = PBXFileReference; lastKnownFileType = sourcecode.swift; path = DragonDetailsViewModelTests.swift; sourceTree = "<group>"; };
		CD522C6822B5EB4E00F0D284 /* DragonDetailsViewControllerTests.swift */ = {isa = PBXFileReference; lastKnownFileType = sourcecode.swift; path = DragonDetailsViewControllerTests.swift; sourceTree = "<group>"; };
		CD783F0A22B081F700F15F5D /* DragonsApp.app */ = {isa = PBXFileReference; explicitFileType = wrapper.application; includeInIndex = 0; path = DragonsApp.app; sourceTree = BUILT_PRODUCTS_DIR; };
		CD783F0D22B081F700F15F5D /* AppDelegate.swift */ = {isa = PBXFileReference; lastKnownFileType = sourcecode.swift; path = AppDelegate.swift; sourceTree = "<group>"; };
		CD783F1422B081F800F15F5D /* Assets.xcassets */ = {isa = PBXFileReference; lastKnownFileType = folder.assetcatalog; path = Assets.xcassets; sourceTree = "<group>"; };
		CD783F1722B081F800F15F5D /* Base */ = {isa = PBXFileReference; lastKnownFileType = file.storyboard; name = Base; path = Base.lproj/LaunchScreen.storyboard; sourceTree = "<group>"; };
		CD783F1922B081F800F15F5D /* Info.plist */ = {isa = PBXFileReference; lastKnownFileType = text.plist.xml; path = Info.plist; sourceTree = "<group>"; };
		CD783F1E22B081F800F15F5D /* DragonsAppTests.xctest */ = {isa = PBXFileReference; explicitFileType = wrapper.cfbundle; includeInIndex = 0; path = DragonsAppTests.xctest; sourceTree = BUILT_PRODUCTS_DIR; };
		CD783F2422B081F800F15F5D /* Info.plist */ = {isa = PBXFileReference; lastKnownFileType = text.plist.xml; path = Info.plist; sourceTree = "<group>"; };
		CDC5CC6C22B0B16F00DEE1FD /* Coordinator.swift */ = {isa = PBXFileReference; lastKnownFileType = sourcecode.swift; path = Coordinator.swift; sourceTree = "<group>"; };
		CDC5CC6E22B0B21800DEE1FD /* AppCoordinator.swift */ = {isa = PBXFileReference; lastKnownFileType = sourcecode.swift; path = AppCoordinator.swift; sourceTree = "<group>"; };
		CDC5CC7322B0B5CD00DEE1FD /* DragonsListCoordinator.swift */ = {isa = PBXFileReference; lastKnownFileType = sourcecode.swift; path = DragonsListCoordinator.swift; sourceTree = "<group>"; };
		CDE9784922B3D64200930C43 /* DragonsListViewModelTests.swift */ = {isa = PBXFileReference; lastKnownFileType = sourcecode.swift; path = DragonsListViewModelTests.swift; sourceTree = "<group>"; };
		CDE9784B22B3E8F000930C43 /* NetworkResponse.swift */ = {isa = PBXFileReference; lastKnownFileType = sourcecode.swift; path = NetworkResponse.swift; sourceTree = "<group>"; };
		CDE9784F22B3ECD000930C43 /* DragonsListViewControllerTests.swift */ = {isa = PBXFileReference; lastKnownFileType = sourcecode.swift; path = DragonsListViewControllerTests.swift; sourceTree = "<group>"; };
		CDE9785222B3F77A00930C43 /* UIViewController.swift */ = {isa = PBXFileReference; lastKnownFileType = sourcecode.swift; path = UIViewController.swift; sourceTree = "<group>"; };
		CDE9785422B4202400930C43 /* Localizable.strings */ = {isa = PBXFileReference; lastKnownFileType = text.plist.strings; path = Localizable.strings; sourceTree = "<group>"; };
		CDE9785722B4215F00930C43 /* String.swift */ = {isa = PBXFileReference; lastKnownFileType = sourcecode.swift; path = String.swift; sourceTree = "<group>"; };
/* End PBXFileReference section */

/* Begin PBXFrameworksBuildPhase section */
		CD783F0722B081F700F15F5D /* Frameworks */ = {
			isa = PBXFrameworksBuildPhase;
			buildActionMask = 2147483647;
			files = (
				CD522C5922B5972900F0D284 /* Kingfisher.framework in Frameworks */,
				CD35F1A922B349BB005B6D95 /* SnapKit.framework in Frameworks */,
			);
			runOnlyForDeploymentPostprocessing = 0;
		};
		CD783F1B22B081F800F15F5D /* Frameworks */ = {
			isa = PBXFrameworksBuildPhase;
			buildActionMask = 2147483647;
			files = (
			);
			runOnlyForDeploymentPostprocessing = 0;
		};
/* End PBXFrameworksBuildPhase section */

/* Begin PBXGroup section */
		CD35F17F22B2A220005B6D95 /* ServiceMocks */ = {
			isa = PBXGroup;
			children = (
				CD35F18022B2A247005B6D95 /* SuccessDragonsList.json */,
				CD35F18222B2A354005B6D95 /* ErrorDragonsList.json */,
			);
			path = ServiceMocks;
			sourceTree = "<group>";
		};
		CD35F18622B2C768005B6D95 /* ModelMocks */ = {
			isa = PBXGroup;
			children = (
				CD35F18722B2C792005B6D95 /* DragonsList.json */,
				CD522C4B22B5865800F0D284 /* Dragon.json */,
				CD522C5022B587B200F0D284 /* IncompleteDragon.json */,
			);
			path = ModelMocks;
			sourceTree = "<group>";
		};
		CD35F18922B2C857005B6D95 /* Tests */ = {
			isa = PBXGroup;
			children = (
				CDE9784D22B3ECA200930C43 /* Scenes */,
				CD522C6222B5E59100F0D284 /* Model */,
				CD3C83BE22B1410E0041900B /* CoordinatorTests.swift */,
				CD35F18D22B2DED8005B6D95 /* NetworkManagerTests.swift */,
			);
			path = Tests;
			sourceTree = "<group>";
		};
		CD35F18A22B2C865005B6D95 /* Extension */ = {
			isa = PBXGroup;
			children = (
				CD35F18B22B2C88A005B6D95 /* XCTestCase.swift */,
			);
			path = Extension;
			sourceTree = "<group>";
		};
		CD35F19922B33601005B6D95 /* Utils */ = {
			isa = PBXGroup;
			children = (
				CD35F19A22B3364C005B6D95 /* Dynamic.swift */,
				CD35F19C22B336CA005B6D95 /* BaseView.swift */,
			);
			path = Utils;
			sourceTree = "<group>";
		};
		CD35F19E22B33B70005B6D95 /* ViewModel */ = {
			isa = PBXGroup;
			children = (
				CD35F19522B3357D005B6D95 /* DragonsListViewModel.swift */,
				CD35F1AB22B34B80005B6D95 /* DragonsListCellViewModelViewModel.swift */,
			);
			path = ViewModel;
			sourceTree = "<group>";
		};
		CD35F19F22B33B7C005B6D95 /* ViewController */ = {
			isa = PBXGroup;
			children = (
				CD35F19322B3357D005B6D95 /* DragonsListViewController.swift */,
			);
			path = ViewController;
			sourceTree = "<group>";
		};
		CD35F1A022B33B8C005B6D95 /* View */ = {
			isa = PBXGroup;
			children = (
				CD35F1A422B343BC005B6D95 /* Cell */,
				CD35F19422B3357D005B6D95 /* DragonsListView.swift */,
			);
			path = View;
			sourceTree = "<group>";
		};
		CD35F1A122B33B94005B6D95 /* Coordinator */ = {
			isa = PBXGroup;
			children = (
				CDC5CC7322B0B5CD00DEE1FD /* DragonsListCoordinator.swift */,
			);
			path = Coordinator;
			sourceTree = "<group>";
		};
		CD35F1A422B343BC005B6D95 /* Cell */ = {
			isa = PBXGroup;
			children = (
				CD35F1A522B343DE005B6D95 /* DragonsListTableViewCell.swift */,
			);
			path = Cell;
			sourceTree = "<group>";
		};
		CD35F1A722B3499B005B6D95 /* Framework */ = {
			isa = PBXGroup;
			children = (
				CD522C5822B5972900F0D284 /* Kingfisher.framework */,
				CD35F1A822B349BB005B6D95 /* SnapKit.framework */,
			);
			path = Framework;
			sourceTree = "<group>";
		};
		CD3C83EF22B17AAA0041900B /* Model */ = {
			isa = PBXGroup;
			children = (
				CD3C83F022B17ABE0041900B /* Dragon.swift */,
			);
			path = Model;
			sourceTree = "<group>";
		};
		CD3C83F822B183DA0041900B /* Networking */ = {
			isa = PBXGroup;
			children = (
				CD3C83F922B183DA0041900B /* Manager */,
				CD3C83FE22B183DA0041900B /* EndPoint */,
				CD3C840022B183DA0041900B /* Environment */,
				CD3C840322B183DA0041900B /* Service */,
			);
			path = Networking;
			sourceTree = "<group>";
		};
		CD3C83F922B183DA0041900B /* Manager */ = {
			isa = PBXGroup;
			children = (
				CD3C83FA22B183DA0041900B /* NetworkManager.swift */,
				CDE9784B22B3E8F000930C43 /* NetworkResponse.swift */,
				CD3C83FB22B183DA0041900B /* ParameterEncoding.swift */,
				CD3C83FC22B183DA0041900B /* HTTPMethod.swift */,
				CD3C83FD22B183DA0041900B /* EndPointType.swift */,
			);
			path = Manager;
			sourceTree = "<group>";
		};
		CD3C83FE22B183DA0041900B /* EndPoint */ = {
			isa = PBXGroup;
			children = (
				CD3C83FF22B183DA0041900B /* DragonEndPoint.swift */,
			);
			path = EndPoint;
			sourceTree = "<group>";
		};
		CD3C840022B183DA0041900B /* Environment */ = {
			isa = PBXGroup;
			children = (
				CD3C840122B183DA0041900B /* Environment.swift */,
				CD3C840222B183DA0041900B /* Environment.plist */,
			);
			path = Environment;
			sourceTree = "<group>";
		};
		CD3C840322B183DA0041900B /* Service */ = {
			isa = PBXGroup;
			children = (
				CD3C840422B183DA0041900B /* DragonsListService.swift */,
			);
			path = Service;
			sourceTree = "<group>";
		};
		CD522C5A22B59B8E00F0D284 /* ViewController */ = {
			isa = PBXGroup;
			children = (
				CD522C5222B58FFD00F0D284 /* DragonDetailsViewController.swift */,
			);
			path = ViewController;
			sourceTree = "<group>";
		};
		CD522C5B22B59B9600F0D284 /* ViewModel */ = {
			isa = PBXGroup;
			children = (
				CD522C5422B58FFD00F0D284 /* DragonDetailsViewModel.swift */,
			);
			path = ViewModel;
			sourceTree = "<group>";
		};
		CD522C5C22B59B9E00F0D284 /* View */ = {
			isa = PBXGroup;
			children = (
				CD522C5322B58FFD00F0D284 /* DragonDetailsView.swift */,
			);
			path = View;
			sourceTree = "<group>";
		};
		CD522C6222B5E59100F0D284 /* Model */ = {
			isa = PBXGroup;
			children = (
				CD522C6322B5E59100F0D284 /* DragonModelTests.swift */,
			);
			path = Model;
			sourceTree = "<group>";
		};
		CD522C6522B5E5AC00F0D284 /* DragonDetails */ = {
			isa = PBXGroup;
			children = (
				CD522C6622B5E5C400F0D284 /* DragonDetailsViewModelTests.swift */,
				CD522C6822B5EB4E00F0D284 /* DragonDetailsViewControllerTests.swift */,
			);
			path = DragonDetails;
			sourceTree = "<group>";
		};
		CD783F0122B081F600F15F5D = {
			isa = PBXGroup;
			children = (
				CD783F0C22B081F700F15F5D /* DragonsApp */,
				CD783F2122B081F800F15F5D /* DragonsAppTests */,
				CD783F0B22B081F700F15F5D /* Products */,
			);
			sourceTree = "<group>";
		};
		CD783F0B22B081F700F15F5D /* Products */ = {
			isa = PBXGroup;
			children = (
				CD783F0A22B081F700F15F5D /* DragonsApp.app */,
				CD783F1E22B081F800F15F5D /* DragonsAppTests.xctest */,
			);
			name = Products;
			sourceTree = "<group>";
		};
		CD783F0C22B081F700F15F5D /* DragonsApp */ = {
			isa = PBXGroup;
			children = (
				CD3C83F822B183DA0041900B /* Networking */,
				CDC5CC7022B0B52100DEE1FD /* Scenes */,
				CDC5CC6B22B0B15C00DEE1FD /* Protocols */,
				CD3C83EF22B17AAA0041900B /* Model */,
				CDE9785122B3F76100930C43 /* Extensions */,
				CD35F19922B33601005B6D95 /* Utils */,
				CDE9785622B4202F00930C43 /* Resources */,
				CD783F0D22B081F700F15F5D /* AppDelegate.swift */,
				CDC5CC6E22B0B21800DEE1FD /* AppCoordinator.swift */,
				CD783F1622B081F800F15F5D /* LaunchScreen.storyboard */,
				CD783F1922B081F800F15F5D /* Info.plist */,
				CD35F1A722B3499B005B6D95 /* Framework */,
			);
			path = DragonsApp;
			sourceTree = "<group>";
		};
		CD783F2122B081F800F15F5D /* DragonsAppTests */ = {
			isa = PBXGroup;
			children = (
				CD35F18922B2C857005B6D95 /* Tests */,
				CD35F18622B2C768005B6D95 /* ModelMocks */,
				CD35F17F22B2A220005B6D95 /* ServiceMocks */,
				CD35F18A22B2C865005B6D95 /* Extension */,
				CD783F2422B081F800F15F5D /* Info.plist */,
			);
			path = DragonsAppTests;
			sourceTree = "<group>";
		};
		CDC5CC6B22B0B15C00DEE1FD /* Protocols */ = {
			isa = PBXGroup;
			children = (
				CDC5CC6C22B0B16F00DEE1FD /* Coordinator.swift */,
			);
			path = Protocols;
			sourceTree = "<group>";
		};
		CDC5CC7022B0B52100DEE1FD /* Scenes */ = {
			isa = PBXGroup;
			children = (
				CDC5CC7122B0B52C00DEE1FD /* DragonsList */,
				CDC5CC7222B0B53F00DEE1FD /* DragonDetails */,
			);
			path = Scenes;
			sourceTree = "<group>";
		};
		CDC5CC7122B0B52C00DEE1FD /* DragonsList */ = {
			isa = PBXGroup;
			children = (
				CD35F1A122B33B94005B6D95 /* Coordinator */,
				CD35F1A022B33B8C005B6D95 /* View */,
				CD35F19F22B33B7C005B6D95 /* ViewController */,
				CD35F19E22B33B70005B6D95 /* ViewModel */,
			);
			path = DragonsList;
			sourceTree = "<group>";
		};
		CDC5CC7222B0B53F00DEE1FD /* DragonDetails */ = {
			isa = PBXGroup;
			children = (
				CD522C5C22B59B9E00F0D284 /* View */,
				CD522C5B22B59B9600F0D284 /* ViewModel */,
				CD522C5A22B59B8E00F0D284 /* ViewController */,
			);
			path = DragonDetails;
			sourceTree = "<group>";
		};
		CDE9784D22B3ECA200930C43 /* Scenes */ = {
			isa = PBXGroup;
			children = (
				CDE9784E22B3ECAA00930C43 /* DragonsList */,
				CD522C6522B5E5AC00F0D284 /* DragonDetails */,
			);
			path = Scenes;
			sourceTree = "<group>";
		};
		CDE9784E22B3ECAA00930C43 /* DragonsList */ = {
			isa = PBXGroup;
			children = (
				CD35F17D22B2A189005B6D95 /* DragonsListServiceTests.swift */,
				CDE9784922B3D64200930C43 /* DragonsListViewModelTests.swift */,
				CDE9784F22B3ECD000930C43 /* DragonsListViewControllerTests.swift */,
			);
			path = DragonsList;
			sourceTree = "<group>";
		};
		CDE9785122B3F76100930C43 /* Extensions */ = {
			isa = PBXGroup;
			children = (
				CDE9785222B3F77A00930C43 /* UIViewController.swift */,
				CDE9785722B4215F00930C43 /* String.swift */,
				CD522C5D22B5AC8C00F0D284 /* UILabel.swift */,
			);
			path = Extensions;
			sourceTree = "<group>";
		};
		CDE9785622B4202F00930C43 /* Resources */ = {
			isa = PBXGroup;
			children = (
				CD783F1422B081F800F15F5D /* Assets.xcassets */,
				CDE9785422B4202400930C43 /* Localizable.strings */,
			);
			path = Resources;
			sourceTree = "<group>";
		};
/* End PBXGroup section */

/* Begin PBXNativeTarget section */
		CD783F0922B081F700F15F5D /* DragonsApp */ = {
			isa = PBXNativeTarget;
			buildConfigurationList = CD783F2722B081F800F15F5D /* Build configuration list for PBXNativeTarget "DragonsApp" */;
			buildPhases = (
				CD783F0622B081F700F15F5D /* Sources */,
				CD783F0722B081F700F15F5D /* Frameworks */,
				CD783F0822B081F700F15F5D /* Resources */,
				CD35F1A322B33F62005B6D95 /* Swift Lint */,
				CD35F1AA22B349C9005B6D95 /* Carthage Script */,
			);
			buildRules = (
			);
			dependencies = (
			);
			name = DragonsApp;
			productName = DragonsApp;
			productReference = CD783F0A22B081F700F15F5D /* DragonsApp.app */;
			productType = "com.apple.product-type.application";
		};
		CD783F1D22B081F800F15F5D /* DragonsAppTests */ = {
			isa = PBXNativeTarget;
			buildConfigurationList = CD783F2A22B081F800F15F5D /* Build configuration list for PBXNativeTarget "DragonsAppTests" */;
			buildPhases = (
				CD783F1A22B081F800F15F5D /* Sources */,
				CD783F1B22B081F800F15F5D /* Frameworks */,
				CD783F1C22B081F800F15F5D /* Resources */,
			);
			buildRules = (
			);
			dependencies = (
				CD783F2022B081F800F15F5D /* PBXTargetDependency */,
			);
			name = DragonsAppTests;
			productName = DragonsAppTests;
			productReference = CD783F1E22B081F800F15F5D /* DragonsAppTests.xctest */;
			productType = "com.apple.product-type.bundle.unit-test";
		};
/* End PBXNativeTarget section */

/* Begin PBXProject section */
		CD783F0222B081F600F15F5D /* Project object */ = {
			isa = PBXProject;
			attributes = {
				LastSwiftUpdateCheck = 1020;
				LastUpgradeCheck = 1020;
				ORGANIZATIONNAME = "Gabriel Silveira";
				TargetAttributes = {
					CD783F0922B081F700F15F5D = {
						CreatedOnToolsVersion = 10.2.1;
					};
					CD783F1D22B081F800F15F5D = {
						CreatedOnToolsVersion = 10.2.1;
						TestTargetID = CD783F0922B081F700F15F5D;
					};
				};
			};
			buildConfigurationList = CD783F0522B081F600F15F5D /* Build configuration list for PBXProject "DragonsApp" */;
			compatibilityVersion = "Xcode 9.3";
			developmentRegion = en;
			hasScannedForEncodings = 0;
			knownRegions = (
				en,
				Base,
			);
			mainGroup = CD783F0122B081F600F15F5D;
			productRefGroup = CD783F0B22B081F700F15F5D /* Products */;
			projectDirPath = "";
			projectRoot = "";
			targets = (
				CD783F0922B081F700F15F5D /* DragonsApp */,
				CD783F1D22B081F800F15F5D /* DragonsAppTests */,
			);
		};
/* End PBXProject section */

/* Begin PBXResourcesBuildPhase section */
		CD783F0822B081F700F15F5D /* Resources */ = {
			isa = PBXResourcesBuildPhase;
			buildActionMask = 2147483647;
			files = (
				CD783F1822B081F800F15F5D /* LaunchScreen.storyboard in Resources */,
				CDE9785522B4202400930C43 /* Localizable.strings in Resources */,
				CD3C840B22B183DA0041900B /* Environment.plist in Resources */,
				CD783F1522B081F800F15F5D /* Assets.xcassets in Resources */,
			);
			runOnlyForDeploymentPostprocessing = 0;
		};
		CD783F1C22B081F800F15F5D /* Resources */ = {
			isa = PBXResourcesBuildPhase;
			buildActionMask = 2147483647;
			files = (
				CD35F18122B2A247005B6D95 /* SuccessDragonsList.json in Resources */,
				CD35F18822B2C792005B6D95 /* DragonsList.json in Resources */,
				CD522C4C22B5865800F0D284 /* Dragon.json in Resources */,
				CD35F18322B2A354005B6D95 /* ErrorDragonsList.json in Resources */,
				CD522C5122B587B200F0D284 /* IncompleteDragon.json in Resources */,
			);
			runOnlyForDeploymentPostprocessing = 0;
		};
/* End PBXResourcesBuildPhase section */

/* Begin PBXShellScriptBuildPhase section */
		CD35F1A322B33F62005B6D95 /* Swift Lint */ = {
			isa = PBXShellScriptBuildPhase;
			buildActionMask = 2147483647;
			files = (
			);
			inputFileListPaths = (
			);
			inputPaths = (
			);
			name = "Swift Lint";
			outputFileListPaths = (
			);
			outputPaths = (
			);
			runOnlyForDeploymentPostprocessing = 0;
			shellPath = /bin/sh;
			shellScript = "if which swiftlint >/dev/null; then\nswiftlint\nelse\necho \"warning: SwiftLint not installed, download from https://github.com/realm/SwiftLint\"\nfi\n";
		};
		CD35F1AA22B349C9005B6D95 /* Carthage Script */ = {
			isa = PBXShellScriptBuildPhase;
			buildActionMask = 2147483647;
			files = (
			);
			inputFileListPaths = (
			);
			inputPaths = (
				"$(SRCROOT)/Carthage/Build/iOS/SnapKit.framework",
				"$(SRCROOT)/Carthage/Build/iOS/Kingfisher.framework",
			);
			name = "Carthage Script";
			outputFileListPaths = (
			);
			outputPaths = (
			);
			runOnlyForDeploymentPostprocessing = 0;
			shellPath = /bin/sh;
			shellScript = "/usr/local/bin/carthage copy-frameworks\n";
		};
/* End PBXShellScriptBuildPhase section */

/* Begin PBXSourcesBuildPhase section */
		CD783F0622B081F700F15F5D /* Sources */ = {
			isa = PBXSourcesBuildPhase;
			buildActionMask = 2147483647;
			files = (
				CD3C83F122B17ABE0041900B /* Dragon.swift in Sources */,
				CDE9784C22B3E8F000930C43 /* NetworkResponse.swift in Sources */,
				CD35F1AC22B34B80005B6D95 /* DragonsListCellViewModelViewModel.swift in Sources */,
				CD3C840A22B183DA0041900B /* Environment.swift in Sources */,
				CD35F19822B3357D005B6D95 /* DragonsListViewModel.swift in Sources */,
				CD35F19D22B336CA005B6D95 /* BaseView.swift in Sources */,
				CD522C5622B58FFD00F0D284 /* DragonDetailsView.swift in Sources */,
				CD35F1A622B343DE005B6D95 /* DragonsListTableViewCell.swift in Sources */,
				CD3C840922B183DA0041900B /* DragonEndPoint.swift in Sources */,
				CDC5CC6F22B0B21800DEE1FD /* AppCoordinator.swift in Sources */,
				CD35F19622B3357D005B6D95 /* DragonsListViewController.swift in Sources */,
				CD3C840622B183DA0041900B /* ParameterEncoding.swift in Sources */,
				CD3C840522B183DA0041900B /* NetworkManager.swift in Sources */,
				CDE9785822B4215F00930C43 /* String.swift in Sources */,
				CD522C5E22B5AC8C00F0D284 /* UILabel.swift in Sources */,
				CD3C840722B183DA0041900B /* HTTPMethod.swift in Sources */,
				CDC5CC7422B0B5CD00DEE1FD /* DragonsListCoordinator.swift in Sources */,
				CD783F0E22B081F700F15F5D /* AppDelegate.swift in Sources */,
				CD3C840822B183DA0041900B /* EndPointType.swift in Sources */,
				CDC5CC6D22B0B16F00DEE1FD /* Coordinator.swift in Sources */,
				CD522C5722B58FFD00F0D284 /* DragonDetailsViewModel.swift in Sources */,
				CD35F19B22B3364C005B6D95 /* Dynamic.swift in Sources */,
				CDE9785322B3F77A00930C43 /* UIViewController.swift in Sources */,
				CD3C840C22B183DA0041900B /* DragonsListService.swift in Sources */,
				CD35F19722B3357D005B6D95 /* DragonsListView.swift in Sources */,
				CD522C5522B58FFD00F0D284 /* DragonDetailsViewController.swift in Sources */,
			);
			runOnlyForDeploymentPostprocessing = 0;
		};
		CD783F1A22B081F800F15F5D /* Sources */ = {
			isa = PBXSourcesBuildPhase;
			buildActionMask = 2147483647;
			files = (
				CD35F18E22B2DED8005B6D95 /* NetworkManagerTests.swift in Sources */,
				CD3C83BF22B1410E0041900B /* CoordinatorTests.swift in Sources */,
				CD522C6422B5E59100F0D284 /* DragonModelTests.swift in Sources */,
				CDE9784A22B3D64200930C43 /* DragonsListViewModelTests.swift in Sources */,
				CD522C6722B5E5C400F0D284 /* DragonDetailsViewModelTests.swift in Sources */,
				CD522C6922B5EB4E00F0D284 /* DragonDetailsViewControllerTests.swift in Sources */,
				CDE9785022B3ECD000930C43 /* DragonsListViewControllerTests.swift in Sources */,
				CD35F18C22B2C88A005B6D95 /* XCTestCase.swift in Sources */,
				CD35F17E22B2A189005B6D95 /* DragonsListServiceTests.swift in Sources */,
			);
			runOnlyForDeploymentPostprocessing = 0;
		};
/* End PBXSourcesBuildPhase section */

/* Begin PBXTargetDependency section */
		CD783F2022B081F800F15F5D /* PBXTargetDependency */ = {
			isa = PBXTargetDependency;
			target = CD783F0922B081F700F15F5D /* DragonsApp */;
			targetProxy = CD783F1F22B081F800F15F5D /* PBXContainerItemProxy */;
		};
/* End PBXTargetDependency section */

/* Begin PBXVariantGroup section */
		CD783F1622B081F800F15F5D /* LaunchScreen.storyboard */ = {
			isa = PBXVariantGroup;
			children = (
				CD783F1722B081F800F15F5D /* Base */,
			);
			name = LaunchScreen.storyboard;
			sourceTree = "<group>";
		};
/* End PBXVariantGroup section */

/* Begin XCBuildConfiguration section */
		CD783F2522B081F800F15F5D /* Debug */ = {
			isa = XCBuildConfiguration;
			buildSettings = {
				ALWAYS_SEARCH_USER_PATHS = NO;
				CLANG_ANALYZER_NONNULL = YES;
				CLANG_ANALYZER_NUMBER_OBJECT_CONVERSION = YES_AGGRESSIVE;
				CLANG_CXX_LANGUAGE_STANDARD = "gnu++14";
				CLANG_CXX_LIBRARY = "libc++";
				CLANG_ENABLE_MODULES = YES;
				CLANG_ENABLE_OBJC_ARC = YES;
				CLANG_ENABLE_OBJC_WEAK = YES;
				CLANG_WARN_BLOCK_CAPTURE_AUTORELEASING = YES;
				CLANG_WARN_BOOL_CONVERSION = YES;
				CLANG_WARN_COMMA = YES;
				CLANG_WARN_CONSTANT_CONVERSION = YES;
				CLANG_WARN_DEPRECATED_OBJC_IMPLEMENTATIONS = YES;
				CLANG_WARN_DIRECT_OBJC_ISA_USAGE = YES_ERROR;
				CLANG_WARN_DOCUMENTATION_COMMENTS = YES;
				CLANG_WARN_EMPTY_BODY = YES;
				CLANG_WARN_ENUM_CONVERSION = YES;
				CLANG_WARN_INFINITE_RECURSION = YES;
				CLANG_WARN_INT_CONVERSION = YES;
				CLANG_WARN_NON_LITERAL_NULL_CONVERSION = YES;
				CLANG_WARN_OBJC_IMPLICIT_RETAIN_SELF = YES;
				CLANG_WARN_OBJC_LITERAL_CONVERSION = YES;
				CLANG_WARN_OBJC_ROOT_CLASS = YES_ERROR;
				CLANG_WARN_RANGE_LOOP_ANALYSIS = YES;
				CLANG_WARN_STRICT_PROTOTYPES = YES;
				CLANG_WARN_SUSPICIOUS_MOVE = YES;
				CLANG_WARN_UNGUARDED_AVAILABILITY = YES_AGGRESSIVE;
				CLANG_WARN_UNREACHABLE_CODE = YES;
				CLANG_WARN__DUPLICATE_METHOD_MATCH = YES;
				CODE_SIGN_IDENTITY = "iPhone Developer";
				COPY_PHASE_STRIP = NO;
				DEBUG_INFORMATION_FORMAT = dwarf;
				ENABLE_STRICT_OBJC_MSGSEND = YES;
				ENABLE_TESTABILITY = YES;
				GCC_C_LANGUAGE_STANDARD = gnu11;
				GCC_DYNAMIC_NO_PIC = NO;
				GCC_NO_COMMON_BLOCKS = YES;
				GCC_OPTIMIZATION_LEVEL = 0;
				GCC_PREPROCESSOR_DEFINITIONS = (
					"DEBUG=1",
					"$(inherited)",
				);
				GCC_WARN_64_TO_32_BIT_CONVERSION = YES;
				GCC_WARN_ABOUT_RETURN_TYPE = YES_ERROR;
				GCC_WARN_UNDECLARED_SELECTOR = YES;
				GCC_WARN_UNINITIALIZED_AUTOS = YES_AGGRESSIVE;
				GCC_WARN_UNUSED_FUNCTION = YES;
				GCC_WARN_UNUSED_VARIABLE = YES;
				IPHONEOS_DEPLOYMENT_TARGET = 12.2;
				MTL_ENABLE_DEBUG_INFO = INCLUDE_SOURCE;
				MTL_FAST_MATH = YES;
				ONLY_ACTIVE_ARCH = YES;
				SDKROOT = iphoneos;
				SWIFT_ACTIVE_COMPILATION_CONDITIONS = DEBUG;
				SWIFT_OPTIMIZATION_LEVEL = "-Onone";
			};
			name = Debug;
		};
		CD783F2622B081F800F15F5D /* Release */ = {
			isa = XCBuildConfiguration;
			buildSettings = {
				ALWAYS_SEARCH_USER_PATHS = NO;
				CLANG_ANALYZER_NONNULL = YES;
				CLANG_ANALYZER_NUMBER_OBJECT_CONVERSION = YES_AGGRESSIVE;
				CLANG_CXX_LANGUAGE_STANDARD = "gnu++14";
				CLANG_CXX_LIBRARY = "libc++";
				CLANG_ENABLE_MODULES = YES;
				CLANG_ENABLE_OBJC_ARC = YES;
				CLANG_ENABLE_OBJC_WEAK = YES;
				CLANG_WARN_BLOCK_CAPTURE_AUTORELEASING = YES;
				CLANG_WARN_BOOL_CONVERSION = YES;
				CLANG_WARN_COMMA = YES;
				CLANG_WARN_CONSTANT_CONVERSION = YES;
				CLANG_WARN_DEPRECATED_OBJC_IMPLEMENTATIONS = YES;
				CLANG_WARN_DIRECT_OBJC_ISA_USAGE = YES_ERROR;
				CLANG_WARN_DOCUMENTATION_COMMENTS = YES;
				CLANG_WARN_EMPTY_BODY = YES;
				CLANG_WARN_ENUM_CONVERSION = YES;
				CLANG_WARN_INFINITE_RECURSION = YES;
				CLANG_WARN_INT_CONVERSION = YES;
				CLANG_WARN_NON_LITERAL_NULL_CONVERSION = YES;
				CLANG_WARN_OBJC_IMPLICIT_RETAIN_SELF = YES;
				CLANG_WARN_OBJC_LITERAL_CONVERSION = YES;
				CLANG_WARN_OBJC_ROOT_CLASS = YES_ERROR;
				CLANG_WARN_RANGE_LOOP_ANALYSIS = YES;
				CLANG_WARN_STRICT_PROTOTYPES = YES;
				CLANG_WARN_SUSPICIOUS_MOVE = YES;
				CLANG_WARN_UNGUARDED_AVAILABILITY = YES_AGGRESSIVE;
				CLANG_WARN_UNREACHABLE_CODE = YES;
				CLANG_WARN__DUPLICATE_METHOD_MATCH = YES;
				CODE_SIGN_IDENTITY = "iPhone Developer";
				COPY_PHASE_STRIP = NO;
				DEBUG_INFORMATION_FORMAT = "dwarf-with-dsym";
				ENABLE_NS_ASSERTIONS = NO;
				ENABLE_STRICT_OBJC_MSGSEND = YES;
				GCC_C_LANGUAGE_STANDARD = gnu11;
				GCC_NO_COMMON_BLOCKS = YES;
				GCC_WARN_64_TO_32_BIT_CONVERSION = YES;
				GCC_WARN_ABOUT_RETURN_TYPE = YES_ERROR;
				GCC_WARN_UNDECLARED_SELECTOR = YES;
				GCC_WARN_UNINITIALIZED_AUTOS = YES_AGGRESSIVE;
				GCC_WARN_UNUSED_FUNCTION = YES;
				GCC_WARN_UNUSED_VARIABLE = YES;
				IPHONEOS_DEPLOYMENT_TARGET = 12.2;
				MTL_ENABLE_DEBUG_INFO = NO;
				MTL_FAST_MATH = YES;
				SDKROOT = iphoneos;
				SWIFT_COMPILATION_MODE = wholemodule;
				SWIFT_OPTIMIZATION_LEVEL = "-O";
				VALIDATE_PRODUCT = YES;
			};
			name = Release;
		};
		CD783F2822B081F800F15F5D /* Debug */ = {
			isa = XCBuildConfiguration;
			buildSettings = {
				ASSETCATALOG_COMPILER_APPICON_NAME = AppIcon;
				CODE_SIGN_IDENTITY = "iPhone Developer";
				CODE_SIGN_STYLE = Automatic;
				DEVELOPMENT_TEAM = "";
				FRAMEWORK_SEARCH_PATHS = (
					"$(inherited)",
					"$(PROJECT_DIR)/Carthage/Build/iOS",
				);
				INFOPLIST_FILE = DragonsApp/Info.plist;
				LD_RUNPATH_SEARCH_PATHS = (
					"$(inherited)",
					"@executable_path/Frameworks",
				);
				PRODUCT_BUNDLE_IDENTIFIER = br.com.GabrielSilveira.DragonsApp;
				PRODUCT_NAME = "$(TARGET_NAME)";
				PROVISIONING_PROFILE_SPECIFIER = "";
				SWIFT_VERSION = 5.0;
				TARGETED_DEVICE_FAMILY = "1,2";
			};
			name = Debug;
		};
		CD783F2922B081F800F15F5D /* Release */ = {
			isa = XCBuildConfiguration;
			buildSettings = {
				ASSETCATALOG_COMPILER_APPICON_NAME = AppIcon;
				CODE_SIGN_IDENTITY = "iPhone Developer";
				CODE_SIGN_STYLE = Automatic;
				DEVELOPMENT_TEAM = "";
				FRAMEWORK_SEARCH_PATHS = (
					"$(inherited)",
					"$(PROJECT_DIR)/Carthage/Build/iOS",
				);
				INFOPLIST_FILE = DragonsApp/Info.plist;
				LD_RUNPATH_SEARCH_PATHS = (
					"$(inherited)",
					"@executable_path/Frameworks",
				);
				PRODUCT_BUNDLE_IDENTIFIER = br.com.GabrielSilveira.DragonsApp;
				PRODUCT_NAME = "$(TARGET_NAME)";
				PROVISIONING_PROFILE_SPECIFIER = "";
				SWIFT_VERSION = 5.0;
				TARGETED_DEVICE_FAMILY = "1,2";
			};
			name = Release;
		};
		CD783F2B22B081F800F15F5D /* Debug */ = {
			isa = XCBuildConfiguration;
			buildSettings = {
				ALWAYS_EMBED_SWIFT_STANDARD_LIBRARIES = YES;
				BUNDLE_LOADER = "$(TEST_HOST)";
				CODE_SIGN_STYLE = Automatic;
				DEVELOPMENT_TEAM = 2AC5F23QLW;
				FRAMEWORK_SEARCH_PATHS = (
					"$(inherited)",
					"$(PROJECT_DIR)/Carthage/Build/iOS",
				);
				INFOPLIST_FILE = DragonsAppTests/Info.plist;
				LD_RUNPATH_SEARCH_PATHS = (
					"$(inherited)",
					"@executable_path/Frameworks",
					"@loader_path/Frameworks",
				);
				PRODUCT_BUNDLE_IDENTIFIER = br.com.GabrielSilveira.DragonsAppTests;
				PRODUCT_NAME = "$(TARGET_NAME)";
				SWIFT_VERSION = 5.0;
				TARGETED_DEVICE_FAMILY = "1,2";
				TEST_HOST = "$(BUILT_PRODUCTS_DIR)/DragonsApp.app/DragonsApp";
			};
			name = Debug;
		};
		CD783F2C22B081F800F15F5D /* Release */ = {
			isa = XCBuildConfiguration;
			buildSettings = {
				ALWAYS_EMBED_SWIFT_STANDARD_LIBRARIES = YES;
				BUNDLE_LOADER = "$(TEST_HOST)";
				CODE_SIGN_STYLE = Automatic;
				DEVELOPMENT_TEAM = 2AC5F23QLW;
				FRAMEWORK_SEARCH_PATHS = (
					"$(inherited)",
					"$(PROJECT_DIR)/Carthage/Build/iOS",
				);
				INFOPLIST_FILE = DragonsAppTests/Info.plist;
				LD_RUNPATH_SEARCH_PATHS = (
					"$(inherited)",
					"@executable_path/Frameworks",
					"@loader_path/Frameworks",
				);
				PRODUCT_BUNDLE_IDENTIFIER = br.com.GabrielSilveira.DragonsAppTests;
				PRODUCT_NAME = "$(TARGET_NAME)";
				SWIFT_VERSION = 5.0;
				TARGETED_DEVICE_FAMILY = "1,2";
				TEST_HOST = "$(BUILT_PRODUCTS_DIR)/DragonsApp.app/DragonsApp";
			};
			name = Release;
		};
/* End XCBuildConfiguration section */

/* Begin XCConfigurationList section */
		CD783F0522B081F600F15F5D /* Build configuration list for PBXProject "DragonsApp" */ = {
			isa = XCConfigurationList;
			buildConfigurations = (
				CD783F2522B081F800F15F5D /* Debug */,
				CD783F2622B081F800F15F5D /* Release */,
			);
			defaultConfigurationIsVisible = 0;
			defaultConfigurationName = Release;
		};
		CD783F2722B081F800F15F5D /* Build configuration list for PBXNativeTarget "DragonsApp" */ = {
			isa = XCConfigurationList;
			buildConfigurations = (
				CD783F2822B081F800F15F5D /* Debug */,
				CD783F2922B081F800F15F5D /* Release */,
			);
			defaultConfigurationIsVisible = 0;
			defaultConfigurationName = Release;
		};
		CD783F2A22B081F800F15F5D /* Build configuration list for PBXNativeTarget "DragonsAppTests" */ = {
			isa = XCConfigurationList;
			buildConfigurations = (
				CD783F2B22B081F800F15F5D /* Debug */,
				CD783F2C22B081F800F15F5D /* Release */,
			);
			defaultConfigurationIsVisible = 0;
			defaultConfigurationName = Release;
		};
/* End XCConfigurationList section */
	};
	rootObject = CD783F0222B081F600F15F5D /* Project object */;
}
